
Microsoft Visual Studio Solution File, Format Version 12.00
# Visual Studio Version 17
VisualStudioVersion = 17.4.33403.182
MinimumVisualStudioVersion = 10.0.40219.1
Project("{FAE04EC0-301F-11D3-BF4B-00C04F79EFBC}") = "SuperAdventure", "SuperAdventure.csproj", "{A0607EBF-BFBA-4922-B8AE-A0CDB94C8B02}"
EndProject
Project("{FAE04EC0-301F-11D3-BF4B-00C04F79EFBC}") = "engine", "..\engine\engine.csproj", "{C0BD05AF-21DA-44E4-A0AB-332F21CE5520}"
EndProject
Global
	GlobalSection(SolutionConfigurationPlatforms) = preSolution
		Debug|Any CPU = Debug|Any CPU
		Release|Any CPU = Release|Any CPU
	EndGlobalSection
	GlobalSection(ProjectConfigurationPlatforms) = postSolution
		{A0607EBF-BFBA-4922-B8AE-A0CDB94C8B02}.Debug|Any CPU.ActiveCfg = Debug|Any CPU
		{A0607EBF-BFBA-4922-B8AE-A0CDB94C8B02}.Debug|Any CPU.Build.0 = Debug|Any CPU
		{A0607EBF-BFBA-4922-B8AE-A0CDB94C8B02}.Release|Any CPU.ActiveCfg = Release|Any CPU
		{A0607EBF-BFBA-4922-B8AE-A0CDB94C8B02}.Release|Any CPU.Build.0 = Release|Any CPU
		{C0BD05AF-21DA-44E4-A0AB-332F21CE5520}.Debug|Any CPU.ActiveCfg = Debug|Any CPU
		{C0BD05AF-21DA-44E4-A0AB-332F21CE5520}.Debug|Any CPU.Build.0 = Debug|Any CPU
		{C0BD05AF-21DA-44E4-A0AB-332F21CE5520}.Release|Any CPU.ActiveCfg = Release|Any CPU
		{C0BD05AF-21DA-44E4-A0AB-332F21CE5520}.Release|Any CPU.Build.0 = Release|Any CPU
	EndGlobalSection
	GlobalSection(SolutionProperties) = preSolution
		HideSolutionNode = FALSE
	EndGlobalSection
	GlobalSection(ExtensibilityGlobals) = postSolution
		SolutionGuid = {C49A5438-0F12-4F89-AC2F-5E7F4F378903}
	EndGlobalSection
EndGlobal
